
Microsoft Visual Studio Solution File, Format Version 12.00
# Visual Studio Version 17
VisualStudioVersion = 17.10.35013.160
MinimumVisualStudioVersion = 10.0.40219.1
Project("{FAE04EC0-301F-11D3-BF4B-00C04F79EFBC}") = "DotnetBenchmark", "DotnetBenchmark.csproj", "{146D6DC3-395D-4390-8909-E59017FCD817}"
EndProject
Global
	GlobalSection(SolutionConfigurationPlatforms) = preSolution
		Debug|Any CPU = Debug|Any CPU
		Release|Any CPU = Release|Any CPU
	EndGlobalSection
	GlobalSection(ProjectConfigurationPlatforms) = postSolution
		{146D6DC3-395D-4390-8909-E59017FCD817}.Debug|Any CPU.ActiveCfg = Debug|Any CPU
		{146D6DC3-395D-4390-8909-E59017FCD817}.Debug|Any CPU.Build.0 = Debug|Any CPU
		{146D6DC3-395D-4390-8909-E59017FCD817}.Release|Any CPU.ActiveCfg = Release|Any CPU
		{146D6DC3-395D-4390-8909-E59017FCD817}.Release|Any CPU.Build.0 = Release|Any CPU
	EndGlobalSection
	GlobalSection(SolutionProperties) = preSolution
		HideSolutionNode = FALSE
	EndGlobalSection
	GlobalSection(ExtensibilityGlobals) = postSolution
		SolutionGuid = {13396791-61AB-40E3-8C98-DA579A6B055E}
	EndGlobalSection
EndGlobal
